
Microsoft Visual Studio Solution File, Format Version 12.00
# Visual Studio Version 17
VisualStudioVersion = 17.14.36401.2
MinimumVisualStudioVersion = 10.0.40219.1
Project("{FAE04EC0-301F-11D3-BF4B-00C04F79EFBC}") = "MyWebApp", "MyWebApp\MyWebApp.csproj", "{6033821D-2A7B-4695-B077-1D9600281630}"
EndProject
Global
	GlobalSection(SolutionConfigurationPlatforms) = preSolution
		Debug|Any CPU = Debug|Any CPU
		Release|Any CPU = Release|Any CPU
	EndGlobalSection
	GlobalSection(ProjectConfigurationPlatforms) = postSolution
		{6033821D-2A7B-4695-B077-1D9600281630}.Debug|Any CPU.ActiveCfg = Debug|Any CPU
		{6033821D-2A7B-4695-B077-1D9600281630}.Debug|Any CPU.Build.0 = Debug|Any CPU
		{6033821D-2A7B-4695-B077-1D9600281630}.Release|Any CPU.ActiveCfg = Release|Any CPU
		{6033821D-2A7B-4695-B077-1D9600281630}.Release|Any CPU.Build.0 = Release|Any CPU
	EndGlobalSection
	GlobalSection(SolutionProperties) = preSolution
		HideSolutionNode = FALSE
	EndGlobalSection
	GlobalSection(ExtensibilityGlobals) = postSolution
		SolutionGuid = {930689D7-F80E-43B9-98B8-5D3D6C3ED6C1}
	EndGlobalSection
EndGlobal
